# THIS IS AN AUTOGENERATED FILE. DO NOT EDIT THIS FILE DIRECTLY.
# yarn lockfile v1


yarn.lock@^0.0.1-security:
  version "0.0.1-security"
  resolved "https://registry.yarnpkg.com/yarn.lock/-/yarn.lock-0.0.1-security.tgz#8e7117924bfe916671b21f14212ba1bb49dfe0c7"
  integrity sha512-ZRX6v5zGCJMI1T2aO+BQxJggy1vvorXEwonQhWXIC+brO7lkDB3zWelVNAti183ddH6FmJP8z4UDCJnJlioK4Q==
