# THIS IS AN AUTOGENERATED FILE. DO NOT EDIT THIS FILE DIRECTLY.
# yarn lockfile v1


"yarn.lock@^0.0.1-security":
  "integrity" "sha512-ZRX6v5zGCJMI1T2aO+BQxJggy1vvorXEwonQhWXIC+brO7lkDB3zWelVNAti183ddH6FmJP8z4UDCJnJlioK4Q=="
  "resolved" "https://registry.npmjs.org/yarn.lock/-/yarn.lock-0.0.1-security.tgz"
  "version" "0.0.1-security"
